
Microsoft Visual Studio Solution File, Format Version 12.00
# Visual Studio Version 17
VisualStudioVersion = 17.9.34902.65
MinimumVisualStudioVersion = 10.0.40219.1
Project("{9A19103F-16F7-4668-BE54-9A1E7A4F7556}") = "FreeBilling.Web", "FreeBilling.Web.csproj", "{E99536C2-A610-4A7B-A50D-D4E49227104A}"
EndProject
Global
	GlobalSection(SolutionConfigurationPlatforms) = preSolution
		Debug|Any CPU = Debug|Any CPU
		Release|Any CPU = Release|Any CPU
	EndGlobalSection
	GlobalSection(ProjectConfigurationPlatforms) = postSolution
		{E99536C2-A610-4A7B-A50D-D4E49227104A}.Debug|Any CPU.ActiveCfg = Debug|Any CPU
		{E99536C2-A610-4A7B-A50D-D4E49227104A}.Debug|Any CPU.Build.0 = Debug|Any CPU
		{E99536C2-A610-4A7B-A50D-D4E49227104A}.Release|Any CPU.ActiveCfg = Release|Any CPU
		{E99536C2-A610-4A7B-A50D-D4E49227104A}.Release|Any CPU.Build.0 = Release|Any CPU
	EndGlobalSection
	GlobalSection(SolutionProperties) = preSolution
		HideSolutionNode = FALSE
	EndGlobalSection
	GlobalSection(ExtensibilityGlobals) = postSolution
		SolutionGuid = {AC050E30-B700-4B8F-A74B-9A996D2BE370}
	EndGlobalSection
EndGlobal
